# @generated - this file is auto-generated by `mise lock` https://mise.jdx.dev/dev-tools/mise-lock.html

[[tools."aqua:aquasecurity/trivy"]]
version = "0.72.0"
backend = "aqua:aquasecurity/trivy"

[tools."aqua:aquasecurity/trivy"."platforms.linux-arm64"]
checksum = "sha256:2ca2c023109c2db6b2b77366b6717291452d4531167377d95c79547f0c8e3467"
url = "https://github.com/aquasecurity/trivy/releases/download/v0.72.0/trivy_0.72.0_Linux-ARM64.tar.gz"
url_api = "https://api.github.com/repos/aquasecurity/trivy/releases/assets/462015056"
provenance = "cosign"

[tools."aqua:aquasecurity/trivy"."platforms.linux-x64"]
checksum = "sha256:bbb64b9695866ce4a7a8f5c9592002c5961cab378577fa3f8a040df362b9b2ea"
url = "https://github.com/aquasecurity/trivy/releases/download/v0.72.0/trivy_0.72.0_Linux-64bit.tar.gz"
url_api = "https://api.github.com/repos/aquasecurity/trivy/releases/assets/462015055"
provenance = "cosign"

[tools."aqua:aquasecurity/trivy"."platforms.macos-arm64"]
checksum = "sha256:88f208680dc05da2b459e19b4f5aa2b4dc7c2117892ba4aab2ae63baba330016"
url = "https://github.com/aquasecurity/trivy/releases/download/v0.72.0/trivy_0.72.0_macOS-ARM64.tar.gz"
url_api = "https://api.github.com/repos/aquasecurity/trivy/releases/assets/462015117"
provenance = "cosign"

[tools."aqua:aquasecurity/trivy"."platforms.macos-x64"]
checksum = "sha256:ee5e60df8a98e5b89fd74a6d86f9e5c7e9a266a35002cb1e43291698b3bfee08"
url = "https://github.com/aquasecurity/trivy/releases/download/v0.72.0/trivy_0.72.0_macOS-64bit.tar.gz"
url_api = "https://api.github.com/repos/aquasecurity/trivy/releases/assets/462015094"
provenance = "cosign"

[tools."aqua:aquasecurity/trivy"."platforms.windows-x64"]
checksum = "sha256:ed3cf122060f61818fe1f735fd97557954e16e10bc8b058af9852271cf2e91b3"
url = "https://github.com/aquasecurity/trivy/releases/download/v0.72.0/trivy_0.72.0_windows-64bit.zip"
url_api = "https://api.github.com/repos/aquasecurity/trivy/releases/assets/462015116"
provenance = "cosign"

[[tools."aqua:bufbuild/buf"]]
version = "1.72.0"
backend = "aqua:bufbuild/buf"

[tools."aqua:bufbuild/buf"."platforms.linux-arm64"]
checksum = "sha256:7641bd7e06a37a54cbb8c789f53465899def96196ab5c08057432f781a15d517"
url = "https://github.com/bufbuild/buf/releases/download/v1.72.0/buf-Linux-aarch64.tar.gz"
url_api = "https://api.github.com/repos/bufbuild/buf/releases/assets/480772526"
provenance = "minisign"

[tools."aqua:bufbuild/buf"."platforms.linux-x64"]
checksum = "sha256:a9c6186cf6fcf062b247345e1b7b12c26f580c1b2a4bbf4d3fe080abf85ceee8"
url = "https://github.com/bufbuild/buf/releases/download/v1.72.0/buf-Linux-x86_64.tar.gz"
url_api = "https://api.github.com/repos/bufbuild/buf/releases/assets/480772583"
provenance = "minisign"

[tools."aqua:bufbuild/buf"."platforms.macos-arm64"]
checksum = "sha256:be040ae0ca381103dfda68a36738695c4db3e48de8e91412acdc3d991f39b91e"
url = "https://github.com/bufbuild/buf/releases/download/v1.72.0/buf-Darwin-arm64.tar.gz"
url_api = "https://api.github.com/repos/bufbuild/buf/releases/assets/480772487"
provenance = "minisign"

[tools."aqua:bufbuild/buf"."platforms.macos-x64"]
checksum = "sha256:8b87e66786b46b20e7f7e328c9e15f64f636041acfdbf93374873d9014a62d30"
url = "https://github.com/bufbuild/buf/releases/download/v1.72.0/buf-Darwin-x86_64.tar.gz"
url_api = "https://api.github.com/repos/bufbuild/buf/releases/assets/480772489"
provenance = "minisign"

[tools."aqua:bufbuild/buf"."platforms.windows-x64"]
checksum = "sha256:0332d8d1bf062c95a0418081b7e574551032ee72064af05e304e3a1454f8cf11"
url = "https://github.com/bufbuild/buf/releases/download/v1.72.0/buf-Windows-x86_64.zip"
url_api = "https://api.github.com/repos/bufbuild/buf/releases/assets/480772631"
provenance = "minisign"

[[tools."aqua:gitleaks/gitleaks"]]
version = "8.30.1"
backend = "aqua:gitleaks/gitleaks"

[tools."aqua:gitleaks/gitleaks"."platforms.linux-arm64"]
checksum = "sha256:e4a487ee7ccd7d3a7f7ec08657610aa3606637dab924210b3aee62570fb4b080"
url = "https://github.com/gitleaks/gitleaks/releases/download/v8.30.1/gitleaks_8.30.1_linux_arm64.tar.gz"
url_api = "https://api.github.com/repos/gitleaks/gitleaks/releases/assets/378332057"

[tools."aqua:gitleaks/gitleaks"."platforms.linux-x64"]
checksum = "sha256:551f6fc83ea457d62a0d98237cbad105af8d557003051f41f3e7ca7b3f2470eb"
url = "https://github.com/gitleaks/gitleaks/releases/download/v8.30.1/gitleaks_8.30.1_linux_x64.tar.gz"
url_api = "https://api.github.com/repos/gitleaks/gitleaks/releases/assets/378332058"

[tools."aqua:gitleaks/gitleaks"."platforms.macos-arm64"]
checksum = "sha256:b40ab0ae55c505963e365f271a8d3846efbc170aa17f2607f13df610a9aeb6a5"
url = "https://github.com/gitleaks/gitleaks/releases/download/v8.30.1/gitleaks_8.30.1_darwin_arm64.tar.gz"
url_api = "https://api.github.com/repos/gitleaks/gitleaks/releases/assets/378332059"

[tools."aqua:gitleaks/gitleaks"."platforms.macos-x64"]
checksum = "sha256:dfe101a4db2255fc85120ac7f3d25e4342c3c20cf749f2c20a18081af1952709"
url = "https://github.com/gitleaks/gitleaks/releases/download/v8.30.1/gitleaks_8.30.1_darwin_x64.tar.gz"
url_api = "https://api.github.com/repos/gitleaks/gitleaks/releases/assets/378332053"

[tools."aqua:gitleaks/gitleaks"."platforms.windows-x64"]
checksum = "sha256:d29144deff3a68aa93ced33dddf84b7fdc26070add4aa0f4513094c8332afc4e"
url = "https://github.com/gitleaks/gitleaks/releases/download/v8.30.1/gitleaks_8.30.1_windows_x64.zip"
url_api = "https://api.github.com/repos/gitleaks/gitleaks/releases/assets/378333178"

[[tools."aqua:go-task/task"]]
version = "3.52.0"
backend = "aqua:go-task/task"

[tools."aqua:go-task/task"."platforms.linux-arm64"]
checksum = "sha256:7e0044108830cec0534577b289564e3b7c83e6df276feb631a1edc63d04e4ebe"
url = "https://github.com/go-task/task/releases/download/v3.52.0/task_linux_arm64.tar.gz"
url_api = "https://api.github.com/repos/go-task/task/releases/assets/464613352"

[tools."aqua:go-task/task"."platforms.linux-x64"]
checksum = "sha256:02c679ffae53dca791804847d78b31731615894e292948397c971c87ac9e95bd"
url = "https://github.com/go-task/task/releases/download/v3.52.0/task_linux_amd64.tar.gz"
url_api = "https://api.github.com/repos/go-task/task/releases/assets/464613330"

[tools."aqua:go-task/task"."platforms.macos-arm64"]
checksum = "sha256:debfa9a3bc06fcb5d5550b44725ecd22bb305499ce057bd6d7a774db5cdaa7b8"
url = "https://github.com/go-task/task/releases/download/v3.52.0/task_darwin_arm64.tar.gz"
url_api = "https://api.github.com/repos/go-task/task/releases/assets/464613319"

[tools."aqua:go-task/task"."platforms.macos-x64"]
checksum = "sha256:416348147bc2f1c729417249d932add7894fb01a126128778195942c249d7c0b"
url = "https://github.com/go-task/task/releases/download/v3.52.0/task_darwin_amd64.tar.gz"
url_api = "https://api.github.com/repos/go-task/task/releases/assets/464613314"

[tools."aqua:go-task/task"."platforms.windows-x64"]
checksum = "sha256:e3bd4439b445f4f135758a2666ec8b33ccde789f7f615309c58f116b0e566e79"
url = "https://github.com/go-task/task/releases/download/v3.52.0/task_windows_amd64.zip"
url_api = "https://api.github.com/repos/go-task/task/releases/assets/464613286"

[[tools."aqua:golangci/golangci-lint"]]
version = "2.12.2"
backend = "aqua:golangci/golangci-lint"

[tools."aqua:golangci/golangci-lint"."platforms.linux-arm64"]
checksum = "sha256:44cd40a8c76c86755375adfeea52cfd3533cb43d7bd647771e0ae065e166df3a"
url = "https://github.com/golangci/golangci-lint/releases/download/v2.12.2/golangci-lint-2.12.2-linux-arm64.tar.gz"
url_api = "https://api.github.com/repos/golangci/golangci-lint/releases/assets/413470996"
provenance = "github-attestations"

[tools."aqua:golangci/golangci-lint"."platforms.linux-x64"]
checksum = "sha256:8df580d2670fed8fa984aac0507099af8df275e665215f5c7a2ae3943893a553"
url = "https://github.com/golangci/golangci-lint/releases/download/v2.12.2/golangci-lint-2.12.2-linux-amd64.tar.gz"
url_api = "https://api.github.com/repos/golangci/golangci-lint/releases/assets/413471054"
provenance = "github-attestations"

[tools."aqua:golangci/golangci-lint"."platforms.macos-arm64"]
checksum = "sha256:a9c54498731b3128f79e090be6110f3e5fffccc617b08142ed244d4126c73f29"
url = "https://github.com/golangci/golangci-lint/releases/download/v2.12.2/golangci-lint-2.12.2-darwin-arm64.tar.gz"
url_api = "https://api.github.com/repos/golangci/golangci-lint/releases/assets/413470950"
provenance = "github-attestations"

[tools."aqua:golangci/golangci-lint"."platforms.macos-x64"]
checksum = "sha256:f6f06d94b6241521c53d15450c5209b028270bf966f842afb11c030c79f5bc16"
url = "https://github.com/golangci/golangci-lint/releases/download/v2.12.2/golangci-lint-2.12.2-darwin-amd64.tar.gz"
url_api = "https://api.github.com/repos/golangci/golangci-lint/releases/assets/413470980"
provenance = "github-attestations"

[tools."aqua:golangci/golangci-lint"."platforms.windows-x64"]
checksum = "sha256:bd42e3ebc8cb4ececb86941983baaf1dc221bbb04d838e94ce63b49cc91e02bb"
url = "https://github.com/golangci/golangci-lint/releases/download/v2.12.2/golangci-lint-2.12.2-windows-amd64.zip"
url_api = "https://api.github.com/repos/golangci/golangci-lint/releases/assets/413471017"
provenance = "github-attestations"

[[tools."aqua:opentofu/opentofu"]]
version = "1.12.5"
backend = "aqua:opentofu/opentofu"

[tools."aqua:opentofu/opentofu"."platforms.linux-arm64"]
checksum = "sha256:e67e9da2b1ddf5050ebee62a584cb826eafe1dfd3827d7ec20899ac62791ed1a"
url = "https://github.com/opentofu/opentofu/releases/download/v1.12.5/tofu_1.12.5_linux_arm64.tar.gz"
url_api = "https://api.github.com/repos/opentofu/opentofu/releases/assets/484602545"

[tools."aqua:opentofu/opentofu"."platforms.linux-x64"]
checksum = "sha256:a6894d45ae7a17ce83189cce8fe04b5a65f68cefceb62455b5a6a89fa53ab38f"
url = "https://github.com/opentofu/opentofu/releases/download/v1.12.5/tofu_1.12.5_linux_amd64.tar.gz"
url_api = "https://api.github.com/repos/opentofu/opentofu/releases/assets/484602624"

[tools."aqua:opentofu/opentofu"."platforms.macos-arm64"]
checksum = "sha256:2ae38150a667f5c0bd57b318d18ad8091d08f93fcca40345f3d88998661de5a9"
url = "https://github.com/opentofu/opentofu/releases/download/v1.12.5/tofu_1.12.5_darwin_arm64.tar.gz"
url_api = "https://api.github.com/repos/opentofu/opentofu/releases/assets/484602544"

[tools."aqua:opentofu/opentofu"."platforms.macos-x64"]
checksum = "sha256:1012d8f3d4567bcbcd1f2c7d766feca39a30bced32fb8be47e1887fbbee2456d"
url = "https://github.com/opentofu/opentofu/releases/download/v1.12.5/tofu_1.12.5_darwin_amd64.tar.gz"
url_api = "https://api.github.com/repos/opentofu/opentofu/releases/assets/484602621"

[tools."aqua:opentofu/opentofu"."platforms.windows-x64"]
checksum = "sha256:af11850b496f3720e0184084c56d8b43aa74ea92d2338978bf368d70c96473f1"
url = "https://github.com/opentofu/opentofu/releases/download/v1.12.5/tofu_1.12.5_windows_amd64.tar.gz"
url_api = "https://api.github.com/repos/opentofu/opentofu/releases/assets/484602547"

[[tools."aqua:pressly/goose"]]
version = "3.27.3"
backend = "aqua:pressly/goose"

[tools."aqua:pressly/goose"."platforms.linux-arm64"]
checksum = "sha256:a774a3ed3381352a795b2a019b604792965546f6f47b34b59896288d97bf4809"
url = "https://github.com/pressly/goose/releases/download/v3.27.3/goose_linux_arm64"
url_api = "https://api.github.com/repos/pressly/goose/releases/assets/485951435"

[tools."aqua:pressly/goose"."platforms.linux-x64"]
checksum = "sha256:ca18112e2438b3ad608af9a5938beafd01fa36a4a19a3edbe4f29226ca5c8533"
url = "https://github.com/pressly/goose/releases/download/v3.27.3/goose_linux_x86_64"
url_api = "https://api.github.com/repos/pressly/goose/releases/assets/485951436"

[tools."aqua:pressly/goose"."platforms.macos-arm64"]
checksum = "sha256:86bf41d1a81e2eabc0f621dc020303513364d9cad9e3d1d4987fdfcf7dd8f4ae"
url = "https://github.com/pressly/goose/releases/download/v3.27.3/goose_darwin_arm64"
url_api = "https://api.github.com/repos/pressly/goose/releases/assets/485951416"

[tools."aqua:pressly/goose"."platforms.macos-x64"]
checksum = "sha256:bdaaddcaf1bce02a31a580242db507cfec35354ea14fb9e4a6c6aea1031422d5"
url = "https://github.com/pressly/goose/releases/download/v3.27.3/goose_darwin_x86_64"
url_api = "https://api.github.com/repos/pressly/goose/releases/assets/485951412"

[tools."aqua:pressly/goose"."platforms.windows-x64"]
checksum = "sha256:7957b982e4374a377649483229ed2f5e03dc53a0dc9e83a682c3d8fc48ca4b3e"
url = "https://github.com/pressly/goose/releases/download/v3.27.3/goose_windows_x86_64.exe"
url_api = "https://api.github.com/repos/pressly/goose/releases/assets/485951409"

[[tools."github:pnpm/pnpm"]]
version = "11.18.0"
backend = "github:pnpm/pnpm"

[tools."github:pnpm/pnpm"."platforms.linux-arm64"]
checksum = "sha256:f9c09bb564421d9d39dfff60af41df88a4864af5637afdabe5f54d12853f8426"
url = "https://github.com/pnpm/pnpm/releases/download/v11.18.0/pnpm-linux-arm64.tar.gz"
url_api = "https://api.github.com/repos/pnpm/pnpm/releases/assets/493764733"
provenance = "github-attestations"

[tools."github:pnpm/pnpm"."platforms.linux-x64"]
checksum = "sha256:f4e62794c56f7a1ad01097f94b90ca95680080aa2e83ebc3d0a751fb8aa8e4ad"
url = "https://github.com/pnpm/pnpm/releases/download/v11.18.0/pnpm-linux-x64.tar.gz"
url_api = "https://api.github.com/repos/pnpm/pnpm/releases/assets/493764737"
provenance = "github-attestations"

[tools."github:pnpm/pnpm"."platforms.macos-arm64"]
checksum = "sha256:c3ace80f45e3550503310c2669616602f2c514f46a2f475f481088887a55abc1"
url = "https://github.com/pnpm/pnpm/releases/download/v11.18.0/pnpm-darwin-arm64.tar.gz"
url_api = "https://api.github.com/repos/pnpm/pnpm/releases/assets/493764741"
provenance = "github-attestations"
provenance_verified = true

[tools."github:pnpm/pnpm"."platforms.macos-x64"]
checksum = "sha256:a66e88cbb7afe7a6bf92341437784c8ca6d7aa50df1d457a4d86b09fa93c720f"
url = "https://github.com/pnpm/pnpm/releases/download/v11.18.0/source-maps.tgz"
url_api = "https://api.github.com/repos/pnpm/pnpm/releases/assets/493764735"
provenance = "github-attestations"

[tools."github:pnpm/pnpm"."platforms.windows-x64"]
checksum = "sha256:16cc9dbbf86f723936eb9aa5dd37f9d13bdb2068fc7319162236c86746706249"
url = "https://github.com/pnpm/pnpm/releases/download/v11.18.0/pnpm-win32-x64.zip"
url_api = "https://api.github.com/repos/pnpm/pnpm/releases/assets/493764734"
provenance = "github-attestations"

[[tools."github:sqlc-dev/sqlc"]]
version = "1.31.1"
backend = "github:sqlc-dev/sqlc"

[tools."github:sqlc-dev/sqlc"."platforms.linux-arm64"]
checksum = "sha256:b7cae247740d0c51a1e657479e5b2d21e6fef428f596682a01bc55bf4ab8a23d"
url = "https://github.com/sqlc-dev/sqlc/releases/download/v1.31.1/sqlc_1.31.1_linux_arm64.tar.gz"
url_api = "https://api.github.com/repos/sqlc-dev/sqlc/releases/assets/402611988"

[tools."github:sqlc-dev/sqlc"."platforms.linux-x64"]
checksum = "sha256:497ae4fcdfa64c5b0c311ffe4c2bd991e43991e82e5367792ed78bc2dca27354"
url = "https://github.com/sqlc-dev/sqlc/releases/download/v1.31.1/sqlc_1.31.1_linux_amd64.tar.gz"
url_api = "https://api.github.com/repos/sqlc-dev/sqlc/releases/assets/402611992"

[tools."github:sqlc-dev/sqlc"."platforms.macos-arm64"]
checksum = "sha256:21602158c99eb1f2bae197a66abfb1941d1e9e50b23125bb193349c6b1acc71e"
url = "https://github.com/sqlc-dev/sqlc/releases/download/v1.31.1/sqlc_1.31.1_darwin_arm64.tar.gz"
url_api = "https://api.github.com/repos/sqlc-dev/sqlc/releases/assets/402611984"

[tools."github:sqlc-dev/sqlc"."platforms.macos-x64"]
checksum = "sha256:c5af76772e3785d21663a62697056b383f07629979b1bd25b93872e73dbd519b"
url = "https://github.com/sqlc-dev/sqlc/releases/download/v1.31.1/sqlc_1.31.1_darwin_amd64.tar.gz"
url_api = "https://api.github.com/repos/sqlc-dev/sqlc/releases/assets/402611989"

[tools."github:sqlc-dev/sqlc"."platforms.windows-x64"]
checksum = "sha256:352711fa7dcb05dcdfefca0ad71b2c9a74fd090f8d7fc609419de4cbc725429f"
url = "https://github.com/sqlc-dev/sqlc/releases/download/v1.31.1/sqlc_1.31.1_windows_amd64.zip"
url_api = "https://api.github.com/repos/sqlc-dev/sqlc/releases/assets/402612157"

[[tools.go]]
version = "1.26.5"
backend = "core:go"

[tools.go."platforms.linux-arm64"]
checksum = "sha256:fe4789e92b1f33358680864bbe8704289e7bb5fc207d80623c308935bd696d49"
url = "https://dl.google.com/go/go1.26.5.linux-arm64.tar.gz"

[tools.go."platforms.linux-x64"]
checksum = "sha256:5c2c3b16caefa1d968a94c1daca04a7ca301a496d9b086e17ad77bb81393f053"
url = "https://dl.google.com/go/go1.26.5.linux-amd64.tar.gz"

[tools.go."platforms.macos-arm64"]
checksum = "sha256:efb87ff28af9a188d0536ef5d42e63dd52ba8263cd7344a993cc48dd11dedb6a"
url = "https://dl.google.com/go/go1.26.5.darwin-arm64.tar.gz"

[tools.go."platforms.macos-x64"]
checksum = "sha256:6231d8d3b8f5552ec6cbf6d685bdd5482e1e703214b120e89b3bf0d7bf1ef725"
url = "https://dl.google.com/go/go1.26.5.darwin-amd64.tar.gz"

[tools.go."platforms.windows-x64"]
checksum = "sha256:97e6b2a833b6d89f9ff17d25419ac0a7e3b482a044e9ab18cdef834bd834fd38"
url = "https://dl.google.com/go/go1.26.5.windows-amd64.zip"

[[tools."go:golang.org/x/tools/cmd/goimports"]]
version = "0.48.0"
backend = "go:golang.org/x/tools/cmd/goimports"

[[tools."go:golang.org/x/vuln/cmd/govulncheck"]]
version = "1.6.0"
backend = "go:golang.org/x/vuln/cmd/govulncheck"

[[tools."http:tla-plus"]]
version = "1.8.0"
backend = "http:tla-plus"

[tools."http:tla-plus"."platforms.linux-arm64"]
checksum = "sha256:e22f8ffb4bacdea0a871f444dd94fe5fb0d8013b3388ae39e82e26f852c735d5"
url = "https://github.com/tlaplus/tlaplus/releases/download/v1.8.0/tla2tools.jar"

[tools."http:tla-plus"."platforms.linux-x64"]
checksum = "sha256:e22f8ffb4bacdea0a871f444dd94fe5fb0d8013b3388ae39e82e26f852c735d5"
url = "https://github.com/tlaplus/tlaplus/releases/download/v1.8.0/tla2tools.jar"

[tools."http:tla-plus"."platforms.macos-arm64"]
checksum = "sha256:e22f8ffb4bacdea0a871f444dd94fe5fb0d8013b3388ae39e82e26f852c735d5"
url = "https://github.com/tlaplus/tlaplus/releases/download/v1.8.0/tla2tools.jar"

[tools."http:tla-plus"."platforms.macos-x64"]
checksum = "sha256:e22f8ffb4bacdea0a871f444dd94fe5fb0d8013b3388ae39e82e26f852c735d5"
url = "https://github.com/tlaplus/tlaplus/releases/download/v1.8.0/tla2tools.jar"

[tools."http:tla-plus"."platforms.windows-x64"]
checksum = "sha256:e22f8ffb4bacdea0a871f444dd94fe5fb0d8013b3388ae39e82e26f852c735d5"
url = "https://github.com/tlaplus/tlaplus/releases/download/v1.8.0/tla2tools.jar"

[[tools.java]]
version = "temurin-25.0.4+7.0.LTS"
backend = "core:java"

[tools.java."platforms.linux-arm64"]
checksum = "sha256:621f7196f0b682fb557da58bec89bd7dfe5419811fe1c0ba75c9cc8432f084c7"
url = "https://github.com/adoptium/temurin25-binaries/releases/download/jdk-25.0.4%2B7/OpenJDK25U-jdk_aarch64_linux_hotspot_25.0.4_7.tar.gz"

[tools.java."platforms.linux-x64"]
checksum = "sha256:e58fcdcd637b25c03ca84cbbcefc70d11efb8f4b4cbd05decc9f661769d77f94"
url = "https://github.com/adoptium/temurin25-binaries/releases/download/jdk-25.0.4%2B7/OpenJDK25U-jdk_x64_linux_hotspot_25.0.4_7.tar.gz"

[tools.java."platforms.macos-arm64"]
checksum = "sha256:5a101c54abf5a9f16c0f70d8c38ba99e6567c1ba213378f0bb04497284f051bd"
url = "https://github.com/adoptium/temurin25-binaries/releases/download/jdk-25.0.4%2B7/OpenJDK25U-jdk_aarch64_mac_hotspot_25.0.4_7.tar.gz"

[tools.java."platforms.macos-x64"]
checksum = "sha256:a5ac9c46dad47ac06df35e36d096913195d8da1f3f71918828bcc2cfe33869b7"
url = "https://github.com/adoptium/temurin25-binaries/releases/download/jdk-25.0.4%2B7/OpenJDK25U-jdk_x64_mac_hotspot_25.0.4_7.tar.gz"

[tools.java."platforms.windows-x64"]
checksum = "sha256:7caab7db43bf4b94a2e6252c699e70d90084f9aa7c943cd3414761fd540937ae"
url = "https://github.com/adoptium/temurin25-binaries/releases/download/jdk-25.0.4%2B7/OpenJDK25U-jdk_x64_windows_hotspot_25.0.4_7.zip"

[[tools.node]]
version = "26.0.0"
backend = "core:node"

[tools.node."platforms.linux-arm64"]
checksum = "sha256:c802664b5770102999efacf5717854f7652797db522e8cc5727a6209afea824d"
url = "https://nodejs.org/dist/v26.0.0/node-v26.0.0-linux-arm64.tar.gz"

[tools.node."platforms.linux-x64"]
checksum = "sha256:42cee4d7ec80b7f7c89281cf00726b14840ac674462404dd4fd36f03964dc0af"
url = "https://nodejs.org/dist/v26.0.0/node-v26.0.0-linux-x64.tar.gz"

[tools.node."platforms.macos-arm64"]
checksum = "sha256:dcee8564c1a9342f9594dd5e52d533894dfef6b85aa771bbbb870baa3c403235"
url = "https://nodejs.org/dist/v26.0.0/node-v26.0.0-darwin-arm64.tar.gz"

[tools.node."platforms.macos-x64"]
checksum = "sha256:f488ab543fe202d8a2d56e661682117d3c56903a2bf64f2ec1ff7bd421cfd875"
url = "https://nodejs.org/dist/v26.0.0/node-v26.0.0-darwin-x64.tar.gz"

[tools.node."platforms.windows-x64"]
checksum = "sha256:d0418640a36096e00bddb57761aa0b1b98f91904ec4ed2b9dd75cbad723becd7"
url = "https://nodejs.org/dist/v26.0.0/node-v26.0.0-win-x64.zip"
